// !$*UTF8*$!
{
	archiveVersion = 1;
	classes = {
	};
	objectVersion = 56;
	objects = {

/* Begin PBXBuildFile section */
		CEB053C629BDB13400D59561 /* AppDelegate.swift in Sources */ = {isa = PBXBuildFile; fileRef = CEB053C529BDB13400D59561 /* AppDelegate.swift */; };
		CEB053C829BDB13400D59561 /* SceneDelegate.swift in Sources */ = {isa = PBXBuildFile; fileRef = CEB053C729BDB13400D59561 /* SceneDelegate.swift */; };
		CEB053CA29BDB13400D59561 /* ViewController.swift in Sources */ = {isa = PBXBuildFile; fileRef = CEB053C929BDB13400D59561 /* ViewController.swift */; };
		CEB053CD29BDB13400D59561 /* Main.storyboard in Resources */ = {isa = PBXBuildFile; fileRef = CEB053CB29BDB13400D59561 /* Main.storyboard */; };
		CEB053CF29BDB13500D59561 /* Assets.xcassets in Resources */ = {isa = PBXBuildFile; fileRef = CEB053CE29BDB13500D59561 /* Assets.xcassets */; };
		CEB053D229BDB13500D59561 /* LaunchScreen.storyboard in Resources */ = {isa = PBXBuildFile; fileRef = CEB053D029BDB13500D59561 /* LaunchScreen.storyboard */; };
		CEB053DD29BDB13500D59561 /* MealOfTheDayTests.swift in Sources */ = {isa = PBXBuildFile; fileRef = CEB053DC29BDB13500D59561 /* MealOfTheDayTests.swift */; };
		CEB053E729BDB13500D59561 /* MealOfTheDayUITests.swift in Sources */ = {isa = PBXBuildFile; fileRef = CEB053E629BDB13500D59561 /* MealOfTheDayUITests.swift */; };
		CEB053E929BDB13500D59561 /* MealOfTheDayUITestsLaunchTests.swift in Sources */ = {isa = PBXBuildFile; fileRef = CEB053E829BDB13500D59561 /* MealOfTheDayUITestsLaunchTests.swift */; };
/* End PBXBuildFile section */

/* Begin PBXContainerItemProxy section */
		CEB053D929BDB13500D59561 /* PBXContainerItemProxy */ = {
			isa = PBXContainerItemProxy;
			containerPortal = CEB053BA29BDB13400D59561 /* Project object */;
			proxyType = 1;
			remoteGlobalIDString = CEB053C129BDB13400D59561;
			remoteInfo = MealOfTheDay;
		};
		CEB053E329BDB13500D59561 /* PBXContainerItemProxy */ = {
			isa = PBXContainerItemProxy;
			containerPortal = CEB053BA29BDB13400D59561 /* Project object */;
			proxyType = 1;
			remoteGlobalIDString = CEB053C129BDB13400D59561;
			remoteInfo = MealOfTheDay;
		};
/* End PBXContainerItemProxy section */

/* Begin PBXFileReference section */
		CEB053C229BDB13400D59561 /* MealOfTheDay.app */ = {isa = PBXFileReference; explicitFileType = wrapper.application; includeInIndex = 0; path = MealOfTheDay.app; sourceTree = BUILT_PRODUCTS_DIR; };
		CEB053C529BDB13400D59561 /* AppDelegate.swift */ = {isa = PBXFileReference; lastKnownFileType = sourcecode.swift; path = AppDelegate.swift; sourceTree = "<group>"; };
		CEB053C729BDB13400D59561 /* SceneDelegate.swift */ = {isa = PBXFileReference; lastKnownFileType = sourcecode.swift; path = SceneDelegate.swift; sourceTree = "<group>"; };
		CEB053C929BDB13400D59561 /* ViewController.swift */ = {isa = PBXFileReference; lastKnownFileType = sourcecode.swift; path = ViewController.swift; sourceTree = "<group>"; };
		CEB053CC29BDB13400D59561 /* Base */ = {isa = PBXFileReference; lastKnownFileType = file.storyboard; name = Base; path = Base.lproj/Main.storyboard; sourceTree = "<group>"; };
		CEB053CE29BDB13500D59561 /* Assets.xcassets */ = {isa = PBXFileReference; lastKnownFileType = folder.assetcatalog; path = Assets.xcassets; sourceTree = "<group>"; };
		CEB053D129BDB13500D59561 /* Base */ = {isa = PBXFileReference; lastKnownFileType = file.storyboard; name = Base; path = Base.lproj/LaunchScreen.storyboard; sourceTree = "<group>"; };
		CEB053D329BDB13500D59561 /* Info.plist */ = {isa = PBXFileReference; lastKnownFileType = text.plist.xml; path = Info.plist; sourceTree = "<group>"; };
		CEB053D829BDB13500D59561 /* MealOfTheDayTests.xctest */ = {isa = PBXFileReference; explicitFileType = wrapper.cfbundle; includeInIndex = 0; path = MealOfTheDayTests.xctest; sourceTree = BUILT_PRODUCTS_DIR; };
		CEB053DC29BDB13500D59561 /* MealOfTheDayTests.swift */ = {isa = PBXFileReference; lastKnownFileType = sourcecode.swift; path = MealOfTheDayTests.swift; sourceTree = "<group>"; };
		CEB053E229BDB13500D59561 /* MealOfTheDayUITests.xctest */ = {isa = PBXFileReference; explicitFileType = wrapper.cfbundle; includeInIndex = 0; path = MealOfTheDayUITests.xctest; sourceTree = BUILT_PRODUCTS_DIR; };
		CEB053E629BDB13500D59561 /* MealOfTheDayUITests.swift */ = {isa = PBXFileReference; lastKnownFileType = sourcecode.swift; path = MealOfTheDayUITests.swift; sourceTree = "<group>"; };
		CEB053E829BDB13500D59561 /* MealOfTheDayUITestsLaunchTests.swift */ = {isa = PBXFileReference; lastKnownFileType = sourcecode.swift; path = MealOfTheDayUITestsLaunchTests.swift; sourceTree = "<group>"; };
/* End PBXFileReference section */

/* Begin PBXFrameworksBuildPhase section */
		CEB053BF29BDB13400D59561 /* Frameworks */ = {
			isa = PBXFrameworksBuildPhase;
			buildActionMask = 2147483647;
			files = (
			);
			runOnlyForDeploymentPostprocessing = 0;
		};
		CEB053D529BDB13500D59561 /* Frameworks */ = {
			isa = PBXFrameworksBuildPhase;
			buildActionMask = 2147483647;
			files = (
			);
			runOnlyForDeploymentPostprocessing = 0;
		};
		CEB053DF29BDB13500D59561 /* Frameworks */ = {
			isa = PBXFrameworksBuildPhase;
			buildActionMask = 2147483647;
			files = (
			);
			runOnlyForDeploymentPostprocessing = 0;
		};
/* End PBXFrameworksBuildPhase section */

/* Begin PBXGroup section */
		CEB053B929BDB13400D59561 = {
			isa = PBXGroup;
			children = (
				CEB053C429BDB13400D59561 /* MealOfTheDay */,
				CEB053DB29BDB13500D59561 /* MealOfTheDayTests */,
				CEB053E529BDB13500D59561 /* MealOfTheDayUITests */,
				CEB053C329BDB13400D59561 /* Products */,
			);
			sourceTree = "<group>";
		};
		CEB053C329BDB13400D59561 /* Products */ = {
			isa = PBXGroup;
			children = (
				CEB053C229BDB13400D59561 /* MealOfTheDay.app */,
				CEB053D829BDB13500D59561 /* MealOfTheDayTests.xctest */,
				CEB053E229BDB13500D59561 /* MealOfTheDayUITests.xctest */,
			);
			name = Products;
			sourceTree = "<group>";
		};
		CEB053C429BDB13400D59561 /* MealOfTheDay */ = {
			isa = PBXGroup;
			children = (
				CEB053C529BDB13400D59561 /* AppDelegate.swift */,
				CEB053C729BDB13400D59561 /* SceneDelegate.swift */,
				CEB053C929BDB13400D59561 /* ViewController.swift */,
				CEB053CB29BDB13400D59561 /* Main.storyboard */,
				CEB053CE29BDB13500D59561 /* Assets.xcassets */,
				CEB053D029BDB13500D59561 /* LaunchScreen.storyboard */,
				CEB053D329BDB13500D59561 /* Info.plist */,
			);
			path = MealOfTheDay;
			sourceTree = "<group>";
		};
		CEB053DB29BDB13500D59561 /* MealOfTheDayTests */ = {
			isa = PBXGroup;
			children = (
				CEB053DC29BDB13500D59561 /* MealOfTheDayTests.swift */,
			);
			path = MealOfTheDayTests;
			sourceTree = "<group>";
		};
		CEB053E529BDB13500D59561 /* MealOfTheDayUITests */ = {
			isa = PBXGroup;
			children = (
				CEB053E629BDB13500D59561 /* MealOfTheDayUITests.swift */,
				CEB053E829BDB13500D59561 /* MealOfTheDayUITestsLaunchTests.swift */,
			);
			path = MealOfTheDayUITests;
			sourceTree = "<group>";
		};
/* End PBXGroup section */

/* Begin PBXNativeTarget section */
		CEB053C129BDB13400D59561 /* MealOfTheDay */ = {
			isa = PBXNativeTarget;
			buildConfigurationList = CEB053EC29BDB13500D59561 /* Build configuration list for PBXNativeTarget "MealOfTheDay" */;
			buildPhases = (
				CEB053BE29BDB13400D59561 /* Sources */,
				CEB053BF29BDB13400D59561 /* Frameworks */,
				CEB053C029BDB13400D59561 /* Resources */,
			);
			buildRules = (
			);
			dependencies = (
			);
			name = MealOfTheDay;
			productName = MealOfTheDay;
			productReference = CEB053C229BDB13400D59561 /* MealOfTheDay.app */;
			productType = "com.apple.product-type.application";
		};
		CEB053D729BDB13500D59561 /* MealOfTheDayTests */ = {
			isa = PBXNativeTarget;
			buildConfigurationList = CEB053EF29BDB13500D59561 /* Build configuration list for PBXNativeTarget "MealOfTheDayTests" */;
			buildPhases = (
				CEB053D429BDB13500D59561 /* Sources */,
				CEB053D529BDB13500D59561 /* Frameworks */,
				CEB053D629BDB13500D59561 /* Resources */,
			);
			buildRules = (
			);
			dependencies = (
				CEB053DA29BDB13500D59561 /* PBXTargetDependency */,
			);
			name = MealOfTheDayTests;
			productName = MealOfTheDayTests;
			productReference = CEB053D829BDB13500D59561 /* MealOfTheDayTests.xctest */;
			productType = "com.apple.product-type.bundle.unit-test";
		};
		CEB053E129BDB13500D59561 /* MealOfTheDayUITests */ = {
			isa = PBXNativeTarget;
			buildConfigurationList = CEB053F229BDB13500D59561 /* Build configuration list for PBXNativeTarget "MealOfTheDayUITests" */;
			buildPhases = (
				CEB053DE29BDB13500D59561 /* Sources */,
				CEB053DF29BDB13500D59561 /* Frameworks */,
				CEB053E029BDB13500D59561 /* Resources */,
			);
			buildRules = (
			);
			dependencies = (
				CEB053E429BDB13500D59561 /* PBXTargetDependency */,
			);
			name = MealOfTheDayUITests;
			productName = MealOfTheDayUITests;
			productReference = CEB053E229BDB13500D59561 /* MealOfTheDayUITests.xctest */;
			productType = "com.apple.product-type.bundle.ui-testing";
		};
/* End PBXNativeTarget section */

/* Begin PBXProject section */
		CEB053BA29BDB13400D59561 /* Project object */ = {
			isa = PBXProject;
			attributes = {
				BuildIndependentTargetsInParallel = 1;
				LastSwiftUpdateCheck = 1420;
				LastUpgradeCheck = 1420;
				TargetAttributes = {
					CEB053C129BDB13400D59561 = {
						CreatedOnToolsVersion = 14.2;
					};
					CEB053D729BDB13500D59561 = {
						CreatedOnToolsVersion = 14.2;
						TestTargetID = CEB053C129BDB13400D59561;
					};
					CEB053E129BDB13500D59561 = {
						CreatedOnToolsVersion = 14.2;
						TestTargetID = CEB053C129BDB13400D59561;
					};
				};
			};
			buildConfigurationList = CEB053BD29BDB13400D59561 /* Build configuration list for PBXProject "MealOfTheDay" */;
			compatibilityVersion = "Xcode 14.0";
			developmentRegion = en;
			hasScannedForEncodings = 0;
			knownRegions = (
				en,
				Base,
			);
			mainGroup = CEB053B929BDB13400D59561;
			productRefGroup = CEB053C329BDB13400D59561 /* Products */;
			projectDirPath = "";
			projectRoot = "";
			targets = (
				CEB053C129BDB13400D59561 /* MealOfTheDay */,
				CEB053D729BDB13500D59561 /* MealOfTheDayTests */,
				CEB053E129BDB13500D59561 /* MealOfTheDayUITests */,
			);
		};
/* End PBXProject section */

/* Begin PBXResourcesBuildPhase section */
		CEB053C029BDB13400D59561 /* Resources */ = {
			isa = PBXResourcesBuildPhase;
			buildActionMask = 2147483647;
			files = (
				CEB053D229BDB13500D59561 /* LaunchScreen.storyboard in Resources */,
				CEB053CF29BDB13500D59561 /* Assets.xcassets in Resources */,
				CEB053CD29BDB13400D59561 /* Main.storyboard in Resources */,
			);
			runOnlyForDeploymentPostprocessing = 0;
		};
		CEB053D629BDB13500D59561 /* Resources */ = {
			isa = PBXResourcesBuildPhase;
			buildActionMask = 2147483647;
			files = (
			);
			runOnlyForDeploymentPostprocessing = 0;
		};
		CEB053E029BDB13500D59561 /* Resources */ = {
			isa = PBXResourcesBuildPhase;
			buildActionMask = 2147483647;
			files = (
			);
			runOnlyForDeploymentPostprocessing = 0;
		};
/* End PBXResourcesBuildPhase section */

/* Begin PBXSourcesBuildPhase section */
		CEB053BE29BDB13400D59561 /* Sources */ = {
			isa = PBXSourcesBuildPhase;
			buildActionMask = 2147483647;
			files = (
				CEB053CA29BDB13400D59561 /* ViewController.swift in Sources */,
				CEB053C629BDB13400D59561 /* AppDelegate.swift in Sources */,
				CEB053C829BDB13400D59561 /* SceneDelegate.swift in Sources */,
			);
			runOnlyForDeploymentPostprocessing = 0;
		};
		CEB053D429BDB13500D59561 /* Sources */ = {
			isa = PBXSourcesBuildPhase;
			buildActionMask = 2147483647;
			files = (
				CEB053DD29BDB13500D59561 /* MealOfTheDayTests.swift in Sources */,
			);
			runOnlyForDeploymentPostprocessing = 0;
		};
		CEB053DE29BDB13500D59561 /* Sources */ = {
			isa = PBXSourcesBuildPhase;
			buildActionMask = 2147483647;
			files = (
				CEB053E729BDB13500D59561 /* MealOfTheDayUITests.swift in Sources */,
				CEB053E929BDB13500D59561 /* MealOfTheDayUITestsLaunchTests.swift in Sources */,
			);
			runOnlyForDeploymentPostprocessing = 0;
		};
/* End PBXSourcesBuildPhase section */

/* Begin PBXTargetDependency section */
		CEB053DA29BDB13500D59561 /* PBXTargetDependency */ = {
			isa = PBXTargetDependency;
			target = CEB053C129BDB13400D59561 /* MealOfTheDay */;
			targetProxy = CEB053D929BDB13500D59561 /* PBXContainerItemProxy */;
		};
		CEB053E429BDB13500D59561 /* PBXTargetDependency */ = {
			isa = PBXTargetDependency;
			target = CEB053C129BDB13400D59561 /* MealOfTheDay */;
			targetProxy = CEB053E329BDB13500D59561 /* PBXContainerItemProxy */;
		};
/* End PBXTargetDependency section */

/* Begin PBXVariantGroup section */
		CEB053CB29BDB13400D59561 /* Main.storyboard */ = {
			isa = PBXVariantGroup;
			children = (
				CEB053CC29BDB13400D59561 /* Base */,
			);
			name = Main.storyboard;
			sourceTree = "<group>";
		};
		CEB053D029BDB13500D59561 /* LaunchScreen.storyboard */ = {
			isa = PBXVariantGroup;
			children = (
				CEB053D129BDB13500D59561 /* Base */,
			);
			name = LaunchScreen.storyboard;
			sourceTree = "<group>";
		};
/* End PBXVariantGroup section */

/* Begin XCBuildConfiguration section */
		CEB053EA29BDB13500D59561 /* Debug */ = {
			isa = XCBuildConfiguration;
			buildSettings = {
				ALWAYS_SEARCH_USER_PATHS = NO;
				CLANG_ANALYZER_NONNULL = YES;
				CLANG_ANALYZER_NUMBER_OBJECT_CONVERSION = YES_AGGRESSIVE;
				CLANG_CXX_LANGUAGE_STANDARD = "gnu++20";
				CLANG_ENABLE_MODULES = YES;
				CLANG_ENABLE_OBJC_ARC = YES;
				CLANG_ENABLE_OBJC_WEAK = YES;
				CLANG_WARN_BLOCK_CAPTURE_AUTORELEASING = YES;
				CLANG_WARN_BOOL_CONVERSION = YES;
				CLANG_WARN_COMMA = YES;
				CLANG_WARN_CONSTANT_CONVERSION = YES;
				CLANG_WARN_DEPRECATED_OBJC_IMPLEMENTATIONS = YES;
				CLANG_WARN_DIRECT_OBJC_ISA_USAGE = YES_ERROR;
				CLANG_WARN_DOCUMENTATION_COMMENTS = YES;
				CLANG_WARN_EMPTY_BODY = YES;
				CLANG_WARN_ENUM_CONVERSION = YES;
				CLANG_WARN_INFINITE_RECURSION = YES;
				CLANG_WARN_INT_CONVERSION = YES;
				CLANG_WARN_NON_LITERAL_NULL_CONVERSION = YES;
				CLANG_WARN_OBJC_IMPLICIT_RETAIN_SELF = YES;
				CLANG_WARN_OBJC_LITERAL_CONVERSION = YES;
				CLANG_WARN_OBJC_ROOT_CLASS = YES_ERROR;
				CLANG_WARN_QUOTED_INCLUDE_IN_FRAMEWORK_HEADER = YES;
				CLANG_WARN_RANGE_LOOP_ANALYSIS = YES;
				CLANG_WARN_STRICT_PROTOTYPES = YES;
				CLANG_WARN_SUSPICIOUS_MOVE = YES;
				CLANG_WARN_UNGUARDED_AVAILABILITY = YES_AGGRESSIVE;
				CLANG_WARN_UNREACHABLE_CODE = YES;
				CLANG_WARN__DUPLICATE_METHOD_MATCH = YES;
				COPY_PHASE_STRIP = NO;
				DEBUG_INFORMATION_FORMAT = dwarf;
				ENABLE_STRICT_OBJC_MSGSEND = YES;
				ENABLE_TESTABILITY = YES;
				GCC_C_LANGUAGE_STANDARD = gnu11;
				GCC_DYNAMIC_NO_PIC = NO;
				GCC_NO_COMMON_BLOCKS = YES;
				GCC_OPTIMIZATION_LEVEL = 0;
				GCC_PREPROCESSOR_DEFINITIONS = (
					"DEBUG=1",
					"$(inherited)",
				);
				GCC_WARN_64_TO_32_BIT_CONVERSION = YES;
				GCC_WARN_ABOUT_RETURN_TYPE = YES_ERROR;
				GCC_WARN_UNDECLARED_SELECTOR = YES;
				GCC_WARN_UNINITIALIZED_AUTOS = YES_AGGRESSIVE;
				GCC_WARN_UNUSED_FUNCTION = YES;
				GCC_WARN_UNUSED_VARIABLE = YES;
				IPHONEOS_DEPLOYMENT_TARGET = 16.2;
				MTL_ENABLE_DEBUG_INFO = INCLUDE_SOURCE;
				MTL_FAST_MATH = YES;
				ONLY_ACTIVE_ARCH = YES;
				SDKROOT = iphoneos;
				SWIFT_ACTIVE_COMPILATION_CONDITIONS = DEBUG;
				SWIFT_OPTIMIZATION_LEVEL = "-Onone";
			};
			name = Debug;
		};
		CEB053EB29BDB13500D59561 /* Release */ = {
			isa = XCBuildConfiguration;
			buildSettings = {
				ALWAYS_SEARCH_USER_PATHS = NO;
				CLANG_ANALYZER_NONNULL = YES;
				CLANG_ANALYZER_NUMBER_OBJECT_CONVERSION = YES_AGGRESSIVE;
				CLANG_CXX_LANGUAGE_STANDARD = "gnu++20";
				CLANG_ENABLE_MODULES = YES;
				CLANG_ENABLE_OBJC_ARC = YES;
				CLANG_ENABLE_OBJC_WEAK = YES;
				CLANG_WARN_BLOCK_CAPTURE_AUTORELEASING = YES;
				CLANG_WARN_BOOL_CONVERSION = YES;
				CLANG_WARN_COMMA = YES;
				CLANG_WARN_CONSTANT_CONVERSION = YES;
				CLANG_WARN_DEPRECATED_OBJC_IMPLEMENTATIONS = YES;
				CLANG_WARN_DIRECT_OBJC_ISA_USAGE = YES_ERROR;
				CLANG_WARN_DOCUMENTATION_COMMENTS = YES;
				CLANG_WARN_EMPTY_BODY = YES;
				CLANG_WARN_ENUM_CONVERSION = YES;
				CLANG_WARN_INFINITE_RECURSION = YES;
				CLANG_WARN_INT_CONVERSION = YES;
				CLANG_WARN_NON_LITERAL_NULL_CONVERSION = YES;
				CLANG_WARN_OBJC_IMPLICIT_RETAIN_SELF = YES;
				CLANG_WARN_OBJC_LITERAL_CONVERSION = YES;
				CLANG_WARN_OBJC_ROOT_CLASS = YES_ERROR;
				CLANG_WARN_QUOTED_INCLUDE_IN_FRAMEWORK_HEADER = YES;
				CLANG_WARN_RANGE_LOOP_ANALYSIS = YES;
				CLANG_WARN_STRICT_PROTOTYPES = YES;
				CLANG_WARN_SUSPICIOUS_MOVE = YES;
				CLANG_WARN_UNGUARDED_AVAILABILITY = YES_AGGRESSIVE;
				CLANG_WARN_UNREACHABLE_CODE = YES;
				CLANG_WARN__DUPLICATE_METHOD_MATCH = YES;
				COPY_PHASE_STRIP = NO;
				DEBUG_INFORMATION_FORMAT = "dwarf-with-dsym";
				ENABLE_NS_ASSERTIONS = NO;
				ENABLE_STRICT_OBJC_MSGSEND = YES;
				GCC_C_LANGUAGE_STANDARD = gnu11;
				GCC_NO_COMMON_BLOCKS = YES;
				GCC_WARN_64_TO_32_BIT_CONVERSION = YES;
				GCC_WARN_ABOUT_RETURN_TYPE = YES_ERROR;
				GCC_WARN_UNDECLARED_SELECTOR = YES;
				GCC_WARN_UNINITIALIZED_AUTOS = YES_AGGRESSIVE;
				GCC_WARN_UNUSED_FUNCTION = YES;
				GCC_WARN_UNUSED_VARIABLE = YES;
				IPHONEOS_DEPLOYMENT_TARGET = 16.2;
				MTL_ENABLE_DEBUG_INFO = NO;
				MTL_FAST_MATH = YES;
				SDKROOT = iphoneos;
				SWIFT_COMPILATION_MODE = wholemodule;
				SWIFT_OPTIMIZATION_LEVEL = "-O";
				VALIDATE_PRODUCT = YES;
			};
			name = Release;
		};
		CEB053ED29BDB13500D59561 /* Debug */ = {
			isa = XCBuildConfiguration;
			buildSettings = {
				ASSETCATALOG_COMPILER_APPICON_NAME = AppIcon;
				ASSETCATALOG_COMPILER_GLOBAL_ACCENT_COLOR_NAME = AccentColor;
				CODE_SIGN_STYLE = Automatic;
				CURRENT_PROJECT_VERSION = 1;
				DEVELOPMENT_TEAM = 744MUUC77P;
				GENERATE_INFOPLIST_FILE = YES;
				INFOPLIST_FILE = MealOfTheDay/Info.plist;
				INFOPLIST_KEY_UIApplicationSupportsIndirectInputEvents = YES;
				INFOPLIST_KEY_UILaunchStoryboardName = LaunchScreen;
				INFOPLIST_KEY_UIMainStoryboardFile = Main;
				INFOPLIST_KEY_UISupportedInterfaceOrientations_iPad = "UIInterfaceOrientationPortrait UIInterfaceOrientationPortraitUpsideDown UIInterfaceOrientationLandscapeLeft UIInterfaceOrientationLandscapeRight";
				INFOPLIST_KEY_UISupportedInterfaceOrientations_iPhone = "UIInterfaceOrientationPortrait UIInterfaceOrientationLandscapeLeft UIInterfaceOrientationLandscapeRight";
				LD_RUNPATH_SEARCH_PATHS = (
					"$(inherited)",
					"@executable_path/Frameworks",
				);
				MARKETING_VERSION = 1.0;
				PRODUCT_BUNDLE_IDENTIFIER = com.puhaha.MealOfTheDay;
				PRODUCT_NAME = "$(TARGET_NAME)";
				SWIFT_EMIT_LOC_STRINGS = YES;
				SWIFT_VERSION = 5.0;
				TARGETED_DEVICE_FAMILY = "1,2";
			};
			name = Debug;
		};
		CEB053EE29BDB13500D59561 /* Release */ = {
			isa = XCBuildConfiguration;
			buildSettings = {
				ASSETCATALOG_COMPILER_APPICON_NAME = AppIcon;
				ASSETCATALOG_COMPILER_GLOBAL_ACCENT_COLOR_NAME = AccentColor;
				CODE_SIGN_STYLE = Automatic;
				CURRENT_PROJECT_VERSION = 1;
				DEVELOPMENT_TEAM = 744MUUC77P;
				GENERATE_INFOPLIST_FILE = YES;
				INFOPLIST_FILE = MealOfTheDay/Info.plist;
				INFOPLIST_KEY_UIApplicationSupportsIndirectInputEvents = YES;
				INFOPLIST_KEY_UILaunchStoryboardName = LaunchScreen;
				INFOPLIST_KEY_UIMainStoryboardFile = Main;
				INFOPLIST_KEY_UISupportedInterfaceOrientations_iPad = "UIInterfaceOrientationPortrait UIInterfaceOrientationPortraitUpsideDown UIInterfaceOrientationLandscapeLeft UIInterfaceOrientationLandscapeRight";
				INFOPLIST_KEY_UISupportedInterfaceOrientations_iPhone = "UIInterfaceOrientationPortrait UIInterfaceOrientationLandscapeLeft UIInterfaceOrientationLandscapeRight";
				LD_RUNPATH_SEARCH_PATHS = (
					"$(inherited)",
					"@executable_path/Frameworks",
				);
				MARKETING_VERSION = 1.0;
				PRODUCT_BUNDLE_IDENTIFIER = com.puhaha.MealOfTheDay;
				PRODUCT_NAME = "$(TARGET_NAME)";
				SWIFT_EMIT_LOC_STRINGS = YES;
				SWIFT_VERSION = 5.0;
				TARGETED_DEVICE_FAMILY = "1,2";
			};
			name = Release;
		};
		CEB053F029BDB13500D59561 /* Debug */ = {
			isa = XCBuildConfiguration;
			buildSettings = {
				ALWAYS_EMBED_SWIFT_STANDARD_LIBRARIES = YES;
				BUNDLE_LOADER = "$(TEST_HOST)";
				CODE_SIGN_STYLE = Automatic;
				CURRENT_PROJECT_VERSION = 1;
				DEVELOPMENT_TEAM = 744MUUC77P;
				GENERATE_INFOPLIST_FILE = YES;
				IPHONEOS_DEPLOYMENT_TARGET = 16.2;
				MARKETING_VERSION = 1.0;
				PRODUCT_BUNDLE_IDENTIFIER = com.puhaha.MealOfTheDayTests;
				PRODUCT_NAME = "$(TARGET_NAME)";
				SWIFT_EMIT_LOC_STRINGS = NO;
				SWIFT_VERSION = 5.0;
				TARGETED_DEVICE_FAMILY = "1,2";
				TEST_HOST = "$(BUILT_PRODUCTS_DIR)/MealOfTheDay.app/$(BUNDLE_EXECUTABLE_FOLDER_PATH)/MealOfTheDay";
			};
			name = Debug;
		};
		CEB053F129BDB13500D59561 /* Release */ = {
			isa = XCBuildConfiguration;
			buildSettings = {
				ALWAYS_EMBED_SWIFT_STANDARD_LIBRARIES = YES;
				BUNDLE_LOADER = "$(TEST_HOST)";
				CODE_SIGN_STYLE = Automatic;
				CURRENT_PROJECT_VERSION = 1;
				DEVELOPMENT_TEAM = 744MUUC77P;
				GENERATE_INFOPLIST_FILE = YES;
				IPHONEOS_DEPLOYMENT_TARGET = 16.2;
				MARKETING_VERSION = 1.0;
				PRODUCT_BUNDLE_IDENTIFIER = com.puhaha.MealOfTheDayTests;
				PRODUCT_NAME = "$(TARGET_NAME)";
				SWIFT_EMIT_LOC_STRINGS = NO;
				SWIFT_VERSION = 5.0;
				TARGETED_DEVICE_FAMILY = "1,2";
				TEST_HOST = "$(BUILT_PRODUCTS_DIR)/MealOfTheDay.app/$(BUNDLE_EXECUTABLE_FOLDER_PATH)/MealOfTheDay";
			};
			name = Release;
		};
		CEB053F329BDB13500D59561 /* Debug */ = {
			isa = XCBuildConfiguration;
			buildSettings = {
				ALWAYS_EMBED_SWIFT_STANDARD_LIBRARIES = YES;
				CODE_SIGN_STYLE = Automatic;
				CURRENT_PROJECT_VERSION = 1;
				DEVELOPMENT_TEAM = 744MUUC77P;
				GENERATE_INFOPLIST_FILE = YES;
				MARKETING_VERSION = 1.0;
				PRODUCT_BUNDLE_IDENTIFIER = com.puhaha.MealOfTheDayUITests;
				PRODUCT_NAME = "$(TARGET_NAME)";
				SWIFT_EMIT_LOC_STRINGS = NO;
				SWIFT_VERSION = 5.0;
				TARGETED_DEVICE_FAMILY = "1,2";
				TEST_TARGET_NAME = MealOfTheDay;
			};
			name = Debug;
		};
		CEB053F429BDB13500D59561 /* Release */ = {
			isa = XCBuildConfiguration;
			buildSettings = {
				ALWAYS_EMBED_SWIFT_STANDARD_LIBRARIES = YES;
				CODE_SIGN_STYLE = Automatic;
				CURRENT_PROJECT_VERSION = 1;
				DEVELOPMENT_TEAM = 744MUUC77P;
				GENERATE_INFOPLIST_FILE = YES;
				MARKETING_VERSION = 1.0;
				PRODUCT_BUNDLE_IDENTIFIER = com.puhaha.MealOfTheDayUITests;
				PRODUCT_NAME = "$(TARGET_NAME)";
				SWIFT_EMIT_LOC_STRINGS = NO;
				SWIFT_VERSION = 5.0;
				TARGETED_DEVICE_FAMILY = "1,2";
				TEST_TARGET_NAME = MealOfTheDay;
			};
			name = Release;
		};
/* End XCBuildConfiguration section */

/* Begin XCConfigurationList section */
		CEB053BD29BDB13400D59561 /* Build configuration list for PBXProject "MealOfTheDay" */ = {
			isa = XCConfigurationList;
			buildConfigurations = (
				CEB053EA29BDB13500D59561 /* Debug */,
				CEB053EB29BDB13500D59561 /* Release */,
			);
			defaultConfigurationIsVisible = 0;
			defaultConfigurationName = Release;
		};
		CEB053EC29BDB13500D59561 /* Build configuration list for PBXNativeTarget "MealOfTheDay" */ = {
			isa = XCConfigurationList;
			buildConfigurations = (
				CEB053ED29BDB13500D59561 /* Debug */,
				CEB053EE29BDB13500D59561 /* Release */,
			);
			defaultConfigurationIsVisible = 0;
			defaultConfigurationName = Release;
		};
		CEB053EF29BDB13500D59561 /* Build configuration list for PBXNativeTarget "MealOfTheDayTests" */ = {
			isa = XCConfigurationList;
			buildConfigurations = (
				CEB053F029BDB13500D59561 /* Debug */,
				CEB053F129BDB13500D59561 /* Release */,
			);
			defaultConfigurationIsVisible = 0;
			defaultConfigurationName = Release;
		};
		CEB053F229BDB13500D59561 /* Build configuration list for PBXNativeTarget "MealOfTheDayUITests" */ = {
			isa = XCConfigurationList;
			buildConfigurations = (
				CEB053F329BDB13500D59561 /* Debug */,
				CEB053F429BDB13500D59561 /* Release */,
			);
			defaultConfigurationIsVisible = 0;
			defaultConfigurationName = Release;
		};
/* End XCConfigurationList section */
	};
	rootObject = CEB053BA29BDB13400D59561 /* Project object */;
}
