// !$*UTF8*$!
{
	archiveVersion = 1;
	classes = {
	};
	objectVersion = 56;
	objects = {

/* Begin PBXBuildFile section */
		BF58D42629B8516F00CC2D98 /* AppDelegate.swift in Sources */ = {isa = PBXBuildFile; fileRef = BF58D42529B8516F00CC2D98 /* AppDelegate.swift */; };
		BF58D42829B8516F00CC2D98 /* SceneDelegate.swift in Sources */ = {isa = PBXBuildFile; fileRef = BF58D42729B8516F00CC2D98 /* SceneDelegate.swift */; };
		BF58D42A29B8516F00CC2D98 /* ViewController.swift in Sources */ = {isa = PBXBuildFile; fileRef = BF58D42929B8516F00CC2D98 /* ViewController.swift */; };
		BF58D42D29B8516F00CC2D98 /* Main.storyboard in Resources */ = {isa = PBXBuildFile; fileRef = BF58D42B29B8516F00CC2D98 /* Main.storyboard */; };
		BF58D42F29B8517100CC2D98 /* Assets.xcassets in Resources */ = {isa = PBXBuildFile; fileRef = BF58D42E29B8517100CC2D98 /* Assets.xcassets */; };
		BF58D43229B8517100CC2D98 /* LaunchScreen.storyboard in Resources */ = {isa = PBXBuildFile; fileRef = BF58D43029B8517100CC2D98 /* LaunchScreen.storyboard */; };
		BF58D43D29B8517100CC2D98 /* motdTests.swift in Sources */ = {isa = PBXBuildFile; fileRef = BF58D43C29B8517100CC2D98 /* motdTests.swift */; };
		BF58D44729B8517100CC2D98 /* motdUITests.swift in Sources */ = {isa = PBXBuildFile; fileRef = BF58D44629B8517100CC2D98 /* motdUITests.swift */; };
		BF58D44929B8517100CC2D98 /* motdUITestsLaunchTests.swift in Sources */ = {isa = PBXBuildFile; fileRef = BF58D44829B8517100CC2D98 /* motdUITestsLaunchTests.swift */; };
/* End PBXBuildFile section */

/* Begin PBXContainerItemProxy section */
		BF58D43929B8517100CC2D98 /* PBXContainerItemProxy */ = {
			isa = PBXContainerItemProxy;
			containerPortal = BF58D41A29B8516F00CC2D98 /* Project object */;
			proxyType = 1;
			remoteGlobalIDString = BF58D42129B8516F00CC2D98;
			remoteInfo = motd;
		};
		BF58D44329B8517100CC2D98 /* PBXContainerItemProxy */ = {
			isa = PBXContainerItemProxy;
			containerPortal = BF58D41A29B8516F00CC2D98 /* Project object */;
			proxyType = 1;
			remoteGlobalIDString = BF58D42129B8516F00CC2D98;
			remoteInfo = motd;
		};
/* End PBXContainerItemProxy section */

/* Begin PBXFileReference section */
		BF58D42229B8516F00CC2D98 /* motd.app */ = {isa = PBXFileReference; explicitFileType = wrapper.application; includeInIndex = 0; path = motd.app; sourceTree = BUILT_PRODUCTS_DIR; };
		BF58D42529B8516F00CC2D98 /* AppDelegate.swift */ = {isa = PBXFileReference; lastKnownFileType = sourcecode.swift; path = AppDelegate.swift; sourceTree = "<group>"; };
		BF58D42729B8516F00CC2D98 /* SceneDelegate.swift */ = {isa = PBXFileReference; lastKnownFileType = sourcecode.swift; path = SceneDelegate.swift; sourceTree = "<group>"; };
		BF58D42929B8516F00CC2D98 /* ViewController.swift */ = {isa = PBXFileReference; lastKnownFileType = sourcecode.swift; path = ViewController.swift; sourceTree = "<group>"; };
		BF58D42C29B8516F00CC2D98 /* Base */ = {isa = PBXFileReference; lastKnownFileType = file.storyboard; name = Base; path = Base.lproj/Main.storyboard; sourceTree = "<group>"; };
		BF58D42E29B8517100CC2D98 /* Assets.xcassets */ = {isa = PBXFileReference; lastKnownFileType = folder.assetcatalog; path = Assets.xcassets; sourceTree = "<group>"; };
		BF58D43129B8517100CC2D98 /* Base */ = {isa = PBXFileReference; lastKnownFileType = file.storyboard; name = Base; path = Base.lproj/LaunchScreen.storyboard; sourceTree = "<group>"; };
		BF58D43329B8517100CC2D98 /* Info.plist */ = {isa = PBXFileReference; lastKnownFileType = text.plist.xml; path = Info.plist; sourceTree = "<group>"; };
		BF58D43829B8517100CC2D98 /* motdTests.xctest */ = {isa = PBXFileReference; explicitFileType = wrapper.cfbundle; includeInIndex = 0; path = motdTests.xctest; sourceTree = BUILT_PRODUCTS_DIR; };
		BF58D43C29B8517100CC2D98 /* motdTests.swift */ = {isa = PBXFileReference; lastKnownFileType = sourcecode.swift; path = motdTests.swift; sourceTree = "<group>"; };
		BF58D44229B8517100CC2D98 /* motdUITests.xctest */ = {isa = PBXFileReference; explicitFileType = wrapper.cfbundle; includeInIndex = 0; path = motdUITests.xctest; sourceTree = BUILT_PRODUCTS_DIR; };
		BF58D44629B8517100CC2D98 /* motdUITests.swift */ = {isa = PBXFileReference; lastKnownFileType = sourcecode.swift; path = motdUITests.swift; sourceTree = "<group>"; };
		BF58D44829B8517100CC2D98 /* motdUITestsLaunchTests.swift */ = {isa = PBXFileReference; lastKnownFileType = sourcecode.swift; path = motdUITestsLaunchTests.swift; sourceTree = "<group>"; };
/* End PBXFileReference section */

/* Begin PBXFrameworksBuildPhase section */
		BF58D41F29B8516F00CC2D98 /* Frameworks */ = {
			isa = PBXFrameworksBuildPhase;
			buildActionMask = 2147483647;
			files = (
			);
			runOnlyForDeploymentPostprocessing = 0;
		};
		BF58D43529B8517100CC2D98 /* Frameworks */ = {
			isa = PBXFrameworksBuildPhase;
			buildActionMask = 2147483647;
			files = (
			);
			runOnlyForDeploymentPostprocessing = 0;
		};
		BF58D43F29B8517100CC2D98 /* Frameworks */ = {
			isa = PBXFrameworksBuildPhase;
			buildActionMask = 2147483647;
			files = (
			);
			runOnlyForDeploymentPostprocessing = 0;
		};
/* End PBXFrameworksBuildPhase section */

/* Begin PBXGroup section */
		BF58D41929B8516F00CC2D98 = {
			isa = PBXGroup;
			children = (
				BF58D42429B8516F00CC2D98 /* motd */,
				BF58D43B29B8517100CC2D98 /* motdTests */,
				BF58D44529B8517100CC2D98 /* motdUITests */,
				BF58D42329B8516F00CC2D98 /* Products */,
			);
			sourceTree = "<group>";
		};
		BF58D42329B8516F00CC2D98 /* Products */ = {
			isa = PBXGroup;
			children = (
				BF58D42229B8516F00CC2D98 /* motd.app */,
				BF58D43829B8517100CC2D98 /* motdTests.xctest */,
				BF58D44229B8517100CC2D98 /* motdUITests.xctest */,
			);
			name = Products;
			sourceTree = "<group>";
		};
		BF58D42429B8516F00CC2D98 /* motd */ = {
			isa = PBXGroup;
			children = (
				BF58D42529B8516F00CC2D98 /* AppDelegate.swift */,
				BF58D42729B8516F00CC2D98 /* SceneDelegate.swift */,
				BF58D42929B8516F00CC2D98 /* ViewController.swift */,
				BF58D42B29B8516F00CC2D98 /* Main.storyboard */,
				BF58D42E29B8517100CC2D98 /* Assets.xcassets */,
				BF58D43029B8517100CC2D98 /* LaunchScreen.storyboard */,
				BF58D43329B8517100CC2D98 /* Info.plist */,
			);
			path = motd;
			sourceTree = "<group>";
		};
		BF58D43B29B8517100CC2D98 /* motdTests */ = {
			isa = PBXGroup;
			children = (
				BF58D43C29B8517100CC2D98 /* motdTests.swift */,
			);
			path = motdTests;
			sourceTree = "<group>";
		};
		BF58D44529B8517100CC2D98 /* motdUITests */ = {
			isa = PBXGroup;
			children = (
				BF58D44629B8517100CC2D98 /* motdUITests.swift */,
				BF58D44829B8517100CC2D98 /* motdUITestsLaunchTests.swift */,
			);
			path = motdUITests;
			sourceTree = "<group>";
		};
/* End PBXGroup section */

/* Begin PBXNativeTarget section */
		BF58D42129B8516F00CC2D98 /* motd */ = {
			isa = PBXNativeTarget;
			buildConfigurationList = BF58D44C29B8517100CC2D98 /* Build configuration list for PBXNativeTarget "motd" */;
			buildPhases = (
				BF58D41E29B8516F00CC2D98 /* Sources */,
				BF58D41F29B8516F00CC2D98 /* Frameworks */,
				BF58D42029B8516F00CC2D98 /* Resources */,
			);
			buildRules = (
			);
			dependencies = (
			);
			name = motd;
			productName = motd;
			productReference = BF58D42229B8516F00CC2D98 /* motd.app */;
			productType = "com.apple.product-type.application";
		};
		BF58D43729B8517100CC2D98 /* motdTests */ = {
			isa = PBXNativeTarget;
			buildConfigurationList = BF58D44F29B8517100CC2D98 /* Build configuration list for PBXNativeTarget "motdTests" */;
			buildPhases = (
				BF58D43429B8517100CC2D98 /* Sources */,
				BF58D43529B8517100CC2D98 /* Frameworks */,
				BF58D43629B8517100CC2D98 /* Resources */,
			);
			buildRules = (
			);
			dependencies = (
				BF58D43A29B8517100CC2D98 /* PBXTargetDependency */,
			);
			name = motdTests;
			productName = motdTests;
			productReference = BF58D43829B8517100CC2D98 /* motdTests.xctest */;
			productType = "com.apple.product-type.bundle.unit-test";
		};
		BF58D44129B8517100CC2D98 /* motdUITests */ = {
			isa = PBXNativeTarget;
			buildConfigurationList = BF58D45229B8517100CC2D98 /* Build configuration list for PBXNativeTarget "motdUITests" */;
			buildPhases = (
				BF58D43E29B8517100CC2D98 /* Sources */,
				BF58D43F29B8517100CC2D98 /* Frameworks */,
				BF58D44029B8517100CC2D98 /* Resources */,
			);
			buildRules = (
			);
			dependencies = (
				BF58D44429B8517100CC2D98 /* PBXTargetDependency */,
			);
			name = motdUITests;
			productName = motdUITests;
			productReference = BF58D44229B8517100CC2D98 /* motdUITests.xctest */;
			productType = "com.apple.product-type.bundle.ui-testing";
		};
/* End PBXNativeTarget section */

/* Begin PBXProject section */
		BF58D41A29B8516F00CC2D98 /* Project object */ = {
			isa = PBXProject;
			attributes = {
				BuildIndependentTargetsInParallel = 1;
				LastSwiftUpdateCheck = 1420;
				LastUpgradeCheck = 1420;
				TargetAttributes = {
					BF58D42129B8516F00CC2D98 = {
						CreatedOnToolsVersion = 14.2;
					};
					BF58D43729B8517100CC2D98 = {
						CreatedOnToolsVersion = 14.2;
						TestTargetID = BF58D42129B8516F00CC2D98;
					};
					BF58D44129B8517100CC2D98 = {
						CreatedOnToolsVersion = 14.2;
						TestTargetID = BF58D42129B8516F00CC2D98;
					};
				};
			};
			buildConfigurationList = BF58D41D29B8516F00CC2D98 /* Build configuration list for PBXProject "motd" */;
			compatibilityVersion = "Xcode 14.0";
			developmentRegion = en;
			hasScannedForEncodings = 0;
			knownRegions = (
				en,
				Base,
			);
			mainGroup = BF58D41929B8516F00CC2D98;
			productRefGroup = BF58D42329B8516F00CC2D98 /* Products */;
			projectDirPath = "";
			projectRoot = "";
			targets = (
				BF58D42129B8516F00CC2D98 /* motd */,
				BF58D43729B8517100CC2D98 /* motdTests */,
				BF58D44129B8517100CC2D98 /* motdUITests */,
			);
		};
/* End PBXProject section */

/* Begin PBXResourcesBuildPhase section */
		BF58D42029B8516F00CC2D98 /* Resources */ = {
			isa = PBXResourcesBuildPhase;
			buildActionMask = 2147483647;
			files = (
				BF58D43229B8517100CC2D98 /* LaunchScreen.storyboard in Resources */,
				BF58D42F29B8517100CC2D98 /* Assets.xcassets in Resources */,
				BF58D42D29B8516F00CC2D98 /* Main.storyboard in Resources */,
			);
			runOnlyForDeploymentPostprocessing = 0;
		};
		BF58D43629B8517100CC2D98 /* Resources */ = {
			isa = PBXResourcesBuildPhase;
			buildActionMask = 2147483647;
			files = (
			);
			runOnlyForDeploymentPostprocessing = 0;
		};
		BF58D44029B8517100CC2D98 /* Resources */ = {
			isa = PBXResourcesBuildPhase;
			buildActionMask = 2147483647;
			files = (
			);
			runOnlyForDeploymentPostprocessing = 0;
		};
/* End PBXResourcesBuildPhase section */

/* Begin PBXSourcesBuildPhase section */
		BF58D41E29B8516F00CC2D98 /* Sources */ = {
			isa = PBXSourcesBuildPhase;
			buildActionMask = 2147483647;
			files = (
				BF58D42A29B8516F00CC2D98 /* ViewController.swift in Sources */,
				BF58D42629B8516F00CC2D98 /* AppDelegate.swift in Sources */,
				BF58D42829B8516F00CC2D98 /* SceneDelegate.swift in Sources */,
			);
			runOnlyForDeploymentPostprocessing = 0;
		};
		BF58D43429B8517100CC2D98 /* Sources */ = {
			isa = PBXSourcesBuildPhase;
			buildActionMask = 2147483647;
			files = (
				BF58D43D29B8517100CC2D98 /* motdTests.swift in Sources */,
			);
			runOnlyForDeploymentPostprocessing = 0;
		};
		BF58D43E29B8517100CC2D98 /* Sources */ = {
			isa = PBXSourcesBuildPhase;
			buildActionMask = 2147483647;
			files = (
				BF58D44929B8517100CC2D98 /* motdUITestsLaunchTests.swift in Sources */,
				BF58D44729B8517100CC2D98 /* motdUITests.swift in Sources */,
			);
			runOnlyForDeploymentPostprocessing = 0;
		};
/* End PBXSourcesBuildPhase section */

/* Begin PBXTargetDependency section */
		BF58D43A29B8517100CC2D98 /* PBXTargetDependency */ = {
			isa = PBXTargetDependency;
			target = BF58D42129B8516F00CC2D98 /* motd */;
			targetProxy = BF58D43929B8517100CC2D98 /* PBXContainerItemProxy */;
		};
		BF58D44429B8517100CC2D98 /* PBXTargetDependency */ = {
			isa = PBXTargetDependency;
			target = BF58D42129B8516F00CC2D98 /* motd */;
			targetProxy = BF58D44329B8517100CC2D98 /* PBXContainerItemProxy */;
		};
/* End PBXTargetDependency section */

/* Begin PBXVariantGroup section */
		BF58D42B29B8516F00CC2D98 /* Main.storyboard */ = {
			isa = PBXVariantGroup;
			children = (
				BF58D42C29B8516F00CC2D98 /* Base */,
			);
			name = Main.storyboard;
			sourceTree = "<group>";
		};
		BF58D43029B8517100CC2D98 /* LaunchScreen.storyboard */ = {
			isa = PBXVariantGroup;
			children = (
				BF58D43129B8517100CC2D98 /* Base */,
			);
			name = LaunchScreen.storyboard;
			sourceTree = "<group>";
		};
/* End PBXVariantGroup section */

/* Begin XCBuildConfiguration section */
		BF58D44A29B8517100CC2D98 /* Debug */ = {
			isa = XCBuildConfiguration;
			buildSettings = {
				ALWAYS_SEARCH_USER_PATHS = NO;
				CLANG_ANALYZER_NONNULL = YES;
				CLANG_ANALYZER_NUMBER_OBJECT_CONVERSION = YES_AGGRESSIVE;
				CLANG_CXX_LANGUAGE_STANDARD = "gnu++20";
				CLANG_ENABLE_MODULES = YES;
				CLANG_ENABLE_OBJC_ARC = YES;
				CLANG_ENABLE_OBJC_WEAK = YES;
				CLANG_WARN_BLOCK_CAPTURE_AUTORELEASING = YES;
				CLANG_WARN_BOOL_CONVERSION = YES;
				CLANG_WARN_COMMA = YES;
				CLANG_WARN_CONSTANT_CONVERSION = YES;
				CLANG_WARN_DEPRECATED_OBJC_IMPLEMENTATIONS = YES;
				CLANG_WARN_DIRECT_OBJC_ISA_USAGE = YES_ERROR;
				CLANG_WARN_DOCUMENTATION_COMMENTS = YES;
				CLANG_WARN_EMPTY_BODY = YES;
				CLANG_WARN_ENUM_CONVERSION = YES;
				CLANG_WARN_INFINITE_RECURSION = YES;
				CLANG_WARN_INT_CONVERSION = YES;
				CLANG_WARN_NON_LITERAL_NULL_CONVERSION = YES;
				CLANG_WARN_OBJC_IMPLICIT_RETAIN_SELF = YES;
				CLANG_WARN_OBJC_LITERAL_CONVERSION = YES;
				CLANG_WARN_OBJC_ROOT_CLASS = YES_ERROR;
				CLANG_WARN_QUOTED_INCLUDE_IN_FRAMEWORK_HEADER = YES;
				CLANG_WARN_RANGE_LOOP_ANALYSIS = YES;
				CLANG_WARN_STRICT_PROTOTYPES = YES;
				CLANG_WARN_SUSPICIOUS_MOVE = YES;
				CLANG_WARN_UNGUARDED_AVAILABILITY = YES_AGGRESSIVE;
				CLANG_WARN_UNREACHABLE_CODE = YES;
				CLANG_WARN__DUPLICATE_METHOD_MATCH = YES;
				COPY_PHASE_STRIP = NO;
				DEBUG_INFORMATION_FORMAT = dwarf;
				ENABLE_STRICT_OBJC_MSGSEND = YES;
				ENABLE_TESTABILITY = YES;
				GCC_C_LANGUAGE_STANDARD = gnu11;
				GCC_DYNAMIC_NO_PIC = NO;
				GCC_NO_COMMON_BLOCKS = YES;
				GCC_OPTIMIZATION_LEVEL = 0;
				GCC_PREPROCESSOR_DEFINITIONS = (
					"DEBUG=1",
					"$(inherited)",
				);
				GCC_WARN_64_TO_32_BIT_CONVERSION = YES;
				GCC_WARN_ABOUT_RETURN_TYPE = YES_ERROR;
				GCC_WARN_UNDECLARED_SELECTOR = YES;
				GCC_WARN_UNINITIALIZED_AUTOS = YES_AGGRESSIVE;
				GCC_WARN_UNUSED_FUNCTION = YES;
				GCC_WARN_UNUSED_VARIABLE = YES;
				IPHONEOS_DEPLOYMENT_TARGET = 16.2;
				MTL_ENABLE_DEBUG_INFO = INCLUDE_SOURCE;
				MTL_FAST_MATH = YES;
				ONLY_ACTIVE_ARCH = YES;
				SDKROOT = iphoneos;
				SWIFT_ACTIVE_COMPILATION_CONDITIONS = DEBUG;
				SWIFT_OPTIMIZATION_LEVEL = "-Onone";
			};
			name = Debug;
		};
		BF58D44B29B8517100CC2D98 /* Release */ = {
			isa = XCBuildConfiguration;
			buildSettings = {
				ALWAYS_SEARCH_USER_PATHS = NO;
				CLANG_ANALYZER_NONNULL = YES;
				CLANG_ANALYZER_NUMBER_OBJECT_CONVERSION = YES_AGGRESSIVE;
				CLANG_CXX_LANGUAGE_STANDARD = "gnu++20";
				CLANG_ENABLE_MODULES = YES;
				CLANG_ENABLE_OBJC_ARC = YES;
				CLANG_ENABLE_OBJC_WEAK = YES;
				CLANG_WARN_BLOCK_CAPTURE_AUTORELEASING = YES;
				CLANG_WARN_BOOL_CONVERSION = YES;
				CLANG_WARN_COMMA = YES;
				CLANG_WARN_CONSTANT_CONVERSION = YES;
				CLANG_WARN_DEPRECATED_OBJC_IMPLEMENTATIONS = YES;
				CLANG_WARN_DIRECT_OBJC_ISA_USAGE = YES_ERROR;
				CLANG_WARN_DOCUMENTATION_COMMENTS = YES;
				CLANG_WARN_EMPTY_BODY = YES;
				CLANG_WARN_ENUM_CONVERSION = YES;
				CLANG_WARN_INFINITE_RECURSION = YES;
				CLANG_WARN_INT_CONVERSION = YES;
				CLANG_WARN_NON_LITERAL_NULL_CONVERSION = YES;
				CLANG_WARN_OBJC_IMPLICIT_RETAIN_SELF = YES;
				CLANG_WARN_OBJC_LITERAL_CONVERSION = YES;
				CLANG_WARN_OBJC_ROOT_CLASS = YES_ERROR;
				CLANG_WARN_QUOTED_INCLUDE_IN_FRAMEWORK_HEADER = YES;
				CLANG_WARN_RANGE_LOOP_ANALYSIS = YES;
				CLANG_WARN_STRICT_PROTOTYPES = YES;
				CLANG_WARN_SUSPICIOUS_MOVE = YES;
				CLANG_WARN_UNGUARDED_AVAILABILITY = YES_AGGRESSIVE;
				CLANG_WARN_UNREACHABLE_CODE = YES;
				CLANG_WARN__DUPLICATE_METHOD_MATCH = YES;
				COPY_PHASE_STRIP = NO;
				DEBUG_INFORMATION_FORMAT = "dwarf-with-dsym";
				ENABLE_NS_ASSERTIONS = NO;
				ENABLE_STRICT_OBJC_MSGSEND = YES;
				GCC_C_LANGUAGE_STANDARD = gnu11;
				GCC_NO_COMMON_BLOCKS = YES;
				GCC_WARN_64_TO_32_BIT_CONVERSION = YES;
				GCC_WARN_ABOUT_RETURN_TYPE = YES_ERROR;
				GCC_WARN_UNDECLARED_SELECTOR = YES;
				GCC_WARN_UNINITIALIZED_AUTOS = YES_AGGRESSIVE;
				GCC_WARN_UNUSED_FUNCTION = YES;
				GCC_WARN_UNUSED_VARIABLE = YES;
				IPHONEOS_DEPLOYMENT_TARGET = 16.2;
				MTL_ENABLE_DEBUG_INFO = NO;
				MTL_FAST_MATH = YES;
				SDKROOT = iphoneos;
				SWIFT_COMPILATION_MODE = wholemodule;
				SWIFT_OPTIMIZATION_LEVEL = "-O";
				VALIDATE_PRODUCT = YES;
			};
			name = Release;
		};
		BF58D44D29B8517100CC2D98 /* Debug */ = {
			isa = XCBuildConfiguration;
			buildSettings = {
				ASSETCATALOG_COMPILER_APPICON_NAME = AppIcon;
				ASSETCATALOG_COMPILER_GLOBAL_ACCENT_COLOR_NAME = AccentColor;
				CODE_SIGN_STYLE = Automatic;
				CURRENT_PROJECT_VERSION = 1;
				DEVELOPMENT_TEAM = D9CAJN27UH;
				GENERATE_INFOPLIST_FILE = YES;
				INFOPLIST_FILE = motd/Info.plist;
				INFOPLIST_KEY_UIApplicationSupportsIndirectInputEvents = YES;
				INFOPLIST_KEY_UILaunchStoryboardName = LaunchScreen;
				INFOPLIST_KEY_UIMainStoryboardFile = Main;
				INFOPLIST_KEY_UISupportedInterfaceOrientations_iPad = "UIInterfaceOrientationPortrait UIInterfaceOrientationPortraitUpsideDown UIInterfaceOrientationLandscapeLeft UIInterfaceOrientationLandscapeRight";
				INFOPLIST_KEY_UISupportedInterfaceOrientations_iPhone = "UIInterfaceOrientationPortrait UIInterfaceOrientationLandscapeLeft UIInterfaceOrientationLandscapeRight";
				LD_RUNPATH_SEARCH_PATHS = (
					"$(inherited)",
					"@executable_path/Frameworks",
				);
				MARKETING_VERSION = 1.0;
				PRODUCT_BUNDLE_IDENTIFIER = com.puhaha.second.motd;
				PRODUCT_NAME = "$(TARGET_NAME)";
				SWIFT_EMIT_LOC_STRINGS = YES;
				SWIFT_VERSION = 5.0;
				TARGETED_DEVICE_FAMILY = "1,2";
			};
			name = Debug;
		};
		BF58D44E29B8517100CC2D98 /* Release */ = {
			isa = XCBuildConfiguration;
			buildSettings = {
				ASSETCATALOG_COMPILER_APPICON_NAME = AppIcon;
				ASSETCATALOG_COMPILER_GLOBAL_ACCENT_COLOR_NAME = AccentColor;
				CODE_SIGN_STYLE = Automatic;
				CURRENT_PROJECT_VERSION = 1;
				DEVELOPMENT_TEAM = D9CAJN27UH;
				GENERATE_INFOPLIST_FILE = YES;
				INFOPLIST_FILE = motd/Info.plist;
				INFOPLIST_KEY_UIApplicationSupportsIndirectInputEvents = YES;
				INFOPLIST_KEY_UILaunchStoryboardName = LaunchScreen;
				INFOPLIST_KEY_UIMainStoryboardFile = Main;
				INFOPLIST_KEY_UISupportedInterfaceOrientations_iPad = "UIInterfaceOrientationPortrait UIInterfaceOrientationPortraitUpsideDown UIInterfaceOrientationLandscapeLeft UIInterfaceOrientationLandscapeRight";
				INFOPLIST_KEY_UISupportedInterfaceOrientations_iPhone = "UIInterfaceOrientationPortrait UIInterfaceOrientationLandscapeLeft UIInterfaceOrientationLandscapeRight";
				LD_RUNPATH_SEARCH_PATHS = (
					"$(inherited)",
					"@executable_path/Frameworks",
				);
				MARKETING_VERSION = 1.0;
				PRODUCT_BUNDLE_IDENTIFIER = com.puhaha.second.motd;
				PRODUCT_NAME = "$(TARGET_NAME)";
				SWIFT_EMIT_LOC_STRINGS = YES;
				SWIFT_VERSION = 5.0;
				TARGETED_DEVICE_FAMILY = "1,2";
			};
			name = Release;
		};
		BF58D45029B8517100CC2D98 /* Debug */ = {
			isa = XCBuildConfiguration;
			buildSettings = {
				ALWAYS_EMBED_SWIFT_STANDARD_LIBRARIES = YES;
				BUNDLE_LOADER = "$(TEST_HOST)";
				CODE_SIGN_STYLE = Automatic;
				CURRENT_PROJECT_VERSION = 1;
				DEVELOPMENT_TEAM = D9CAJN27UH;
				GENERATE_INFOPLIST_FILE = YES;
				IPHONEOS_DEPLOYMENT_TARGET = 16.2;
				MARKETING_VERSION = 1.0;
				PRODUCT_BUNDLE_IDENTIFIER = com.puhaha.second.motdTests;
				PRODUCT_NAME = "$(TARGET_NAME)";
				SWIFT_EMIT_LOC_STRINGS = NO;
				SWIFT_VERSION = 5.0;
				TARGETED_DEVICE_FAMILY = "1,2";
				TEST_HOST = "$(BUILT_PRODUCTS_DIR)/motd.app/$(BUNDLE_EXECUTABLE_FOLDER_PATH)/motd";
			};
			name = Debug;
		};
		BF58D45129B8517100CC2D98 /* Release */ = {
			isa = XCBuildConfiguration;
			buildSettings = {
				ALWAYS_EMBED_SWIFT_STANDARD_LIBRARIES = YES;
				BUNDLE_LOADER = "$(TEST_HOST)";
				CODE_SIGN_STYLE = Automatic;
				CURRENT_PROJECT_VERSION = 1;
				DEVELOPMENT_TEAM = D9CAJN27UH;
				GENERATE_INFOPLIST_FILE = YES;
				IPHONEOS_DEPLOYMENT_TARGET = 16.2;
				MARKETING_VERSION = 1.0;
				PRODUCT_BUNDLE_IDENTIFIER = com.puhaha.second.motdTests;
				PRODUCT_NAME = "$(TARGET_NAME)";
				SWIFT_EMIT_LOC_STRINGS = NO;
				SWIFT_VERSION = 5.0;
				TARGETED_DEVICE_FAMILY = "1,2";
				TEST_HOST = "$(BUILT_PRODUCTS_DIR)/motd.app/$(BUNDLE_EXECUTABLE_FOLDER_PATH)/motd";
			};
			name = Release;
		};
		BF58D45329B8517100CC2D98 /* Debug */ = {
			isa = XCBuildConfiguration;
			buildSettings = {
				ALWAYS_EMBED_SWIFT_STANDARD_LIBRARIES = YES;
				CODE_SIGN_STYLE = Automatic;
				CURRENT_PROJECT_VERSION = 1;
				DEVELOPMENT_TEAM = D9CAJN27UH;
				GENERATE_INFOPLIST_FILE = YES;
				MARKETING_VERSION = 1.0;
				PRODUCT_BUNDLE_IDENTIFIER = com.puhaha.second.motdUITests;
				PRODUCT_NAME = "$(TARGET_NAME)";
				SWIFT_EMIT_LOC_STRINGS = NO;
				SWIFT_VERSION = 5.0;
				TARGETED_DEVICE_FAMILY = "1,2";
				TEST_TARGET_NAME = motd;
			};
			name = Debug;
		};
		BF58D45429B8517100CC2D98 /* Release */ = {
			isa = XCBuildConfiguration;
			buildSettings = {
				ALWAYS_EMBED_SWIFT_STANDARD_LIBRARIES = YES;
				CODE_SIGN_STYLE = Automatic;
				CURRENT_PROJECT_VERSION = 1;
				DEVELOPMENT_TEAM = D9CAJN27UH;
				GENERATE_INFOPLIST_FILE = YES;
				MARKETING_VERSION = 1.0;
				PRODUCT_BUNDLE_IDENTIFIER = com.puhaha.second.motdUITests;
				PRODUCT_NAME = "$(TARGET_NAME)";
				SWIFT_EMIT_LOC_STRINGS = NO;
				SWIFT_VERSION = 5.0;
				TARGETED_DEVICE_FAMILY = "1,2";
				TEST_TARGET_NAME = motd;
			};
			name = Release;
		};
/* End XCBuildConfiguration section */

/* Begin XCConfigurationList section */
		BF58D41D29B8516F00CC2D98 /* Build configuration list for PBXProject "motd" */ = {
			isa = XCConfigurationList;
			buildConfigurations = (
				BF58D44A29B8517100CC2D98 /* Debug */,
				BF58D44B29B8517100CC2D98 /* Release */,
			);
			defaultConfigurationIsVisible = 0;
			defaultConfigurationName = Release;
		};
		BF58D44C29B8517100CC2D98 /* Build configuration list for PBXNativeTarget "motd" */ = {
			isa = XCConfigurationList;
			buildConfigurations = (
				BF58D44D29B8517100CC2D98 /* Debug */,
				BF58D44E29B8517100CC2D98 /* Release */,
			);
			defaultConfigurationIsVisible = 0;
			defaultConfigurationName = Release;
		};
		BF58D44F29B8517100CC2D98 /* Build configuration list for PBXNativeTarget "motdTests" */ = {
			isa = XCConfigurationList;
			buildConfigurations = (
				BF58D45029B8517100CC2D98 /* Debug */,
				BF58D45129B8517100CC2D98 /* Release */,
			);
			defaultConfigurationIsVisible = 0;
			defaultConfigurationName = Release;
		};
		BF58D45229B8517100CC2D98 /* Build configuration list for PBXNativeTarget "motdUITests" */ = {
			isa = XCConfigurationList;
			buildConfigurations = (
				BF58D45329B8517100CC2D98 /* Debug */,
				BF58D45429B8517100CC2D98 /* Release */,
			);
			defaultConfigurationIsVisible = 0;
			defaultConfigurationName = Release;
		};
/* End XCConfigurationList section */
	};
	rootObject = BF58D41A29B8516F00CC2D98 /* Project object */;
}
